
Microsoft Visual Studio Solution File, Format Version 12.00
# Visual Studio Version 17
VisualStudioVersion = 17.7.34031.279
MinimumVisualStudioVersion = 10.0.40219.1
Project("{FAE04EC0-301F-11D3-BF4B-00C04F79EFBC}") = "btap", "btap.csproj", "{097AA59D-C533-4DEC-BDF2-E445237DE400}"
EndProject
Global
	GlobalSection(SolutionConfigurationPlatforms) = preSolution
		Debug|Any CPU = Debug|Any CPU
		Release|Any CPU = Release|Any CPU
	EndGlobalSection
	GlobalSection(ProjectConfigurationPlatforms) = postSolution
		{097AA59D-C533-4DEC-BDF2-E445237DE400}.Debug|Any CPU.ActiveCfg = Debug|Any CPU
		{097AA59D-C533-4DEC-BDF2-E445237DE400}.Debug|Any CPU.Build.0 = Debug|Any CPU
		{097AA59D-C533-4DEC-BDF2-E445237DE400}.Release|Any CPU.ActiveCfg = Release|Any CPU
		{097AA59D-C533-4DEC-BDF2-E445237DE400}.Release|Any CPU.Build.0 = Release|Any CPU
	EndGlobalSection
	GlobalSection(SolutionProperties) = preSolution
		HideSolutionNode = FALSE
	EndGlobalSection
	GlobalSection(ExtensibilityGlobals) = postSolution
		SolutionGuid = {54208EF2-325C-4110-810C-4D6414D6C8F5}
	EndGlobalSection
EndGlobal
